
Microsoft Visual Studio Solution File, Format Version 12.00
# Visual Studio 15
VisualStudioVersion = 15.0.27004.2009
MinimumVisualStudioVersion = 10.0.40219.1
Project("{2150E333-8FDC-42A3-9474-1A3956D46DE8}") = "Dependencies", "Dependencies", "{32956BD0-6695-47DF-9D51-0CB6603E8467}"
	ProjectSection(SolutionItems) = preProject
		Dependencies\Code for Windows Release Notes.rtf = Dependencies\Code for Windows Release Notes.rtf
		Dependencies\CodeForWindows.Version.txt = Dependencies\CodeForWindows.Version.txt
		Dependencies\Interop.Wia.dll = Dependencies\Interop.Wia.dll
		Dependencies\Interop.Wia.ScanProfiles.dll = Dependencies\Interop.Wia.ScanProfiles.dll
		Dependencies\Interop.Wia.Video.dll = Dependencies\Interop.Wia.Video.dll
		Dependencies\MakeInterop.cmd = Dependencies\MakeInterop.cmd
		Dependencies\Update.cmd = Dependencies\Update.cmd
		Dependencies\Version.psm1 = Dependencies\Version.psm1
	EndProjectSection
EndProject
Project("{2150E333-8FDC-42A3-9474-1A3956D46DE8}") = "Solution Items", "Solution Items", "{7402DBF0-5BFC-4201-94A5-3C232A5B3B32}"
	ProjectSection(SolutionItems) = preProject
		.gitignore = .gitignore
		Build.cmd = Build.cmd
		Code for .NET.snk = Code for .NET.snk
		Dictionary.xml = Dictionary.xml
		Release.cmd = Release.cmd
		Test.runsettings = Test.runsettings
		Version.cmd = Version.cmd
		Version.ps1 = Version.ps1
		Version.txt = Version.txt
	EndProjectSection
EndProject
Project("{9A19103F-16F7-4668-BE54-9A1E7A4F7556}") = "CodeForDotNet", "CodeForDotNet\CodeForDotNet.csproj", "{3E6BBB03-D73E-48B3-9428-10B5102C2812}"
EndProject
Project("{FAE04EC0-301F-11D3-BF4B-00C04F79EFBC}") = "CodeForDotNet.Full", "CodeForDotNet.Full\CodeForDotNet.Full.csproj", "{BCBC63BA-73FA-4ACD-8B2D-846BE2FFF48C}"
EndProject
Project("{2150E333-8FDC-42A3-9474-1A3956D46DE8}") = "Documentation", "Documentation", "{C1C112AF-6EC9-409D-802D-E11F9FEA32FF}"
	ProjectSection(SolutionItems) = preProject
		Documentation\Code for .NET Release Notes.rtf = Documentation\Code for .NET Release Notes.rtf
	EndProjectSection
EndProject
Project("{FAE04EC0-301F-11D3-BF4B-00C04F79EFBC}") = "CodeForDotNet.Tests", "CodeForDotNet.Tests\CodeForDotNet.Tests.csproj", "{37891F4B-71D9-40C2-ADB7-37AB5701B2FA}"
EndProject
Project("{FAE04EC0-301F-11D3-BF4B-00C04F79EFBC}") = "CodeForDotNet.Windows", "CodeForDotNet.Windows\CodeForDotNet.Windows.csproj", "{B4ACB503-D195-4789-8926-D6ABD07E9CCD}"
EndProject
Global
	GlobalSection(SolutionConfigurationPlatforms) = preSolution
		Debug|Any CPU = Debug|Any CPU
		Release|Any CPU = Release|Any CPU
	EndGlobalSection
	GlobalSection(ProjectConfigurationPlatforms) = postSolution
		{3E6BBB03-D73E-48B3-9428-10B5102C2812}.Debug|Any CPU.ActiveCfg = Debug|Any CPU
		{3E6BBB03-D73E-48B3-9428-10B5102C2812}.Debug|Any CPU.Build.0 = Debug|Any CPU
		{3E6BBB03-D73E-48B3-9428-10B5102C2812}.Release|Any CPU.ActiveCfg = Release|Any CPU
		{3E6BBB03-D73E-48B3-9428-10B5102C2812}.Release|Any CPU.Build.0 = Release|Any CPU
		{BCBC63BA-73FA-4ACD-8B2D-846BE2FFF48C}.Debug|Any CPU.ActiveCfg = Debug|Any CPU
		{BCBC63BA-73FA-4ACD-8B2D-846BE2FFF48C}.Debug|Any CPU.Build.0 = Debug|Any CPU
		{BCBC63BA-73FA-4ACD-8B2D-846BE2FFF48C}.Release|Any CPU.ActiveCfg = Release|Any CPU
		{BCBC63BA-73FA-4ACD-8B2D-846BE2FFF48C}.Release|Any CPU.Build.0 = Release|Any CPU
		{37891F4B-71D9-40C2-ADB7-37AB5701B2FA}.Debug|Any CPU.ActiveCfg = Debug|Any CPU
		{37891F4B-71D9-40C2-ADB7-37AB5701B2FA}.Debug|Any CPU.Build.0 = Debug|Any CPU
		{37891F4B-71D9-40C2-ADB7-37AB5701B2FA}.Release|Any CPU.ActiveCfg = Release|Any CPU
		{37891F4B-71D9-40C2-ADB7-37AB5701B2FA}.Release|Any CPU.Build.0 = Release|Any CPU
		{B4ACB503-D195-4789-8926-D6ABD07E9CCD}.Debug|Any CPU.ActiveCfg = Debug|Any CPU
		{B4ACB503-D195-4789-8926-D6ABD07E9CCD}.Debug|Any CPU.Build.0 = Debug|Any CPU
		{B4ACB503-D195-4789-8926-D6ABD07E9CCD}.Release|Any CPU.ActiveCfg = Release|Any CPU
		{B4ACB503-D195-4789-8926-D6ABD07E9CCD}.Release|Any CPU.Build.0 = Release|Any CPU
	EndGlobalSection
	GlobalSection(SolutionProperties) = preSolution
		HideSolutionNode = FALSE
	EndGlobalSection
	GlobalSection(ExtensibilityGlobals) = postSolution
		SolutionGuid = {E8EFA9AB-A701-421A-9542-C10FF1F9308F}
	EndGlobalSection
EndGlobal
