
Microsoft Visual Studio Solution File, Format Version 12.00
# Visual Studio Version 16
VisualStudioVersion = 16.0.28729.10
MinimumVisualStudioVersion = 10.0.40219.1
Project("{2150E333-8FDC-42A3-9474-1A3956D46DE8}") = "Dependencies", "Dependencies", "{32956BD0-6695-47DF-9D51-0CB6603E8467}"
	ProjectSection(SolutionItems) = preProject
		Dependencies\Update.cmd = Dependencies\Update.cmd
		Dependencies\Variables.cmd = Dependencies\Variables.cmd
	EndProjectSection
EndProject
Project("{2150E333-8FDC-42A3-9474-1A3956D46DE8}") = "Solution Items", "Solution Items", "{7402DBF0-5BFC-4201-94A5-3C232A5B3B32}"
	ProjectSection(SolutionItems) = preProject
		.editorconfig = .editorconfig
		.gitignore = .gitignore
		Build.cmd = Build.cmd
		CodeMaid.config = CodeMaid.config
		Local Test.runsettings = Local Test.runsettings
		NuGet.config = NuGet.config
		Release.cmd = Release.cmd
		Version.cmd = Version.cmd
		Version.ps1 = Version.ps1
		Version.txt = Version.txt
	EndProjectSection
EndProject
Project("{9A19103F-16F7-4668-BE54-9A1E7A4F7556}") = "CodeForDotNet", "CodeForDotNet\CodeForDotNet.csproj", "{3E6BBB03-D73E-48B3-9428-10B5102C2812}"
EndProject
Project("{FAE04EC0-301F-11D3-BF4B-00C04F79EFBC}") = "CodeForDotNet.Full", "CodeForDotNet.Full\CodeForDotNet.Full.csproj", "{BCBC63BA-73FA-4ACD-8B2D-846BE2FFF48C}"
EndProject
Project("{2150E333-8FDC-42A3-9474-1A3956D46DE8}") = "Documentation", "Documentation", "{C1C112AF-6EC9-409D-802D-E11F9FEA32FF}"
	ProjectSection(SolutionItems) = preProject
		Documentation\Release Notes.md = Documentation\Release Notes.md
	EndProjectSection
EndProject
Project("{FAE04EC0-301F-11D3-BF4B-00C04F79EFBC}") = "CodeForDotNet.Tests", "CodeForDotNet.Tests\CodeForDotNet.Tests.csproj", "{37891F4B-71D9-40C2-ADB7-37AB5701B2FA}"
EndProject
Project("{FAE04EC0-301F-11D3-BF4B-00C04F79EFBC}") = "CodeForDotNet.Windows", "CodeForDotNet.Windows\CodeForDotNet.Windows.csproj", "{B4ACB503-D195-4789-8926-D6ABD07E9CCD}"
EndProject
Project("{2150E333-8FDC-42A3-9474-1A3956D46DE8}") = "PowerShell", "PowerShell", "{8D05AF50-08EE-43CB-8EB1-6C67F0C56FC3}"
EndProject
Project("{2150E333-8FDC-42A3-9474-1A3956D46DE8}") = "CodeForPowerShell.VisualStudio", "CodeForPowerShell.VisualStudio", "{E7C4CC3F-63E2-4A3D-8F8D-FE994429C63C}"
	ProjectSection(SolutionItems) = preProject
		Dependencies\PowerShell\CodeForPowerShell.VisualStudio\CodeForPowerShell.VisualStudio.psd1 = Dependencies\PowerShell\CodeForPowerShell.VisualStudio\CodeForPowerShell.VisualStudio.psd1
		Dependencies\PowerShell\CodeForPowerShell.VisualStudio\CodeForPowerShell.VisualStudio.Version.psm1 = Dependencies\PowerShell\CodeForPowerShell.VisualStudio\CodeForPowerShell.VisualStudio.Version.psm1
	EndProjectSection
EndProject
Project("{2150E333-8FDC-42A3-9474-1A3956D46DE8}") = "WIA", "WIA", "{B2BC6A86-7972-4C44-9AAC-B5B1E3E9724B}"
	ProjectSection(SolutionItems) = preProject
		Dependencies\WIA\Interop.Wia.dll = Dependencies\WIA\Interop.Wia.dll
		Dependencies\WIA\Interop.Wia.ScanProfiles.dll = Dependencies\WIA\Interop.Wia.ScanProfiles.dll
		Dependencies\WIA\MakeInterop.cmd = Dependencies\WIA\MakeInterop.cmd
	EndProjectSection
EndProject
Project("{2150E333-8FDC-42A3-9474-1A3956D46DE8}") = "Common", "Common", "{5D5DAECE-0E2E-4E09-8D28-6D8CD3A6C3C8}"
	ProjectSection(SolutionItems) = preProject
		Common\AssemblyInfoCore.cs = Common\AssemblyInfoCore.cs
		Common\AssemblyInfoGlobal.cs = Common\AssemblyInfoGlobal.cs
		Common\Code for .NET.snk = Common\Code for .NET.snk
		Common\Dictionary.xml = Common\Dictionary.xml
	EndProjectSection
EndProject
Project("{FAE04EC0-301F-11D3-BF4B-00C04F79EFBC}") = "CodeForDotNet.WindowsUniversal", "CodeForDotNet.WindowsUniversal\CodeForDotNet.WindowsUniversal.csproj", "{AA646840-F6A9-4904-BC52-45DDDAA2756E}"
EndProject
Project("{FAE04EC0-301F-11D3-BF4B-00C04F79EFBC}") = "CodeForDotNet.WindowsUniversal.Tests", "CodeForDotNet.WindowsUniversal.Tests\CodeForDotNet.WindowsUniversal.Tests.csproj", "{8C50F4AE-F494-437F-A9F1-423BFC882F99}"
EndProject
Project("{9A19103F-16F7-4668-BE54-9A1E7A4F7556}") = "CodeForDotNet.Data.Sql", "CodeForDotNet.Data.Sql\CodeForDotNet.Data.Sql.csproj", "{98715E42-4007-49E6-80C2-8E5BD7FB98C2}"
EndProject
Project("{9A19103F-16F7-4668-BE54-9A1E7A4F7556}") = "CodeForDotNet.UI", "CodeForDotNet.UI\CodeForDotNet.UI.csproj", "{378E9B01-B3BD-4887-AF40-C22D94281F74}"
EndProject
Project("{2150E333-8FDC-42A3-9474-1A3956D46DE8}") = "Documentation", "Documentation", "{C0CC94EF-441F-4F41-A362-A0533A3C7D9B}"
	ProjectSection(SolutionItems) = preProject
		Dependencies\Documentation\Code for PowerShell Release Notes.md = Dependencies\Documentation\Code for PowerShell Release Notes.md
		Dependencies\Documentation\Code for Windows Release Notes.md = Dependencies\Documentation\Code for Windows Release Notes.md
	EndProjectSection
EndProject
Project("{2150E333-8FDC-42A3-9474-1A3956D46DE8}") = "Version", "Version", "{FA10C927-F54D-4F21-A104-820B89783FD2}"
	ProjectSection(SolutionItems) = preProject
		Dependencies\Version\CodeForPowerShell.Version.txt = Dependencies\Version\CodeForPowerShell.Version.txt
		Dependencies\Version\CodeForWindows.Version.txt = Dependencies\Version\CodeForWindows.Version.txt
	EndProjectSection
EndProject
Global
	GlobalSection(SolutionConfigurationPlatforms) = preSolution
		Debug|Any CPU = Debug|Any CPU
		Release|Any CPU = Release|Any CPU
	EndGlobalSection
	GlobalSection(ProjectConfigurationPlatforms) = postSolution
		{3E6BBB03-D73E-48B3-9428-10B5102C2812}.Debug|Any CPU.ActiveCfg = Debug|Any CPU
		{3E6BBB03-D73E-48B3-9428-10B5102C2812}.Debug|Any CPU.Build.0 = Debug|Any CPU
		{3E6BBB03-D73E-48B3-9428-10B5102C2812}.Release|Any CPU.ActiveCfg = Release|Any CPU
		{3E6BBB03-D73E-48B3-9428-10B5102C2812}.Release|Any CPU.Build.0 = Release|Any CPU
		{BCBC63BA-73FA-4ACD-8B2D-846BE2FFF48C}.Debug|Any CPU.ActiveCfg = Debug|Any CPU
		{BCBC63BA-73FA-4ACD-8B2D-846BE2FFF48C}.Debug|Any CPU.Build.0 = Debug|Any CPU
		{BCBC63BA-73FA-4ACD-8B2D-846BE2FFF48C}.Release|Any CPU.ActiveCfg = Release|Any CPU
		{BCBC63BA-73FA-4ACD-8B2D-846BE2FFF48C}.Release|Any CPU.Build.0 = Release|Any CPU
		{37891F4B-71D9-40C2-ADB7-37AB5701B2FA}.Debug|Any CPU.ActiveCfg = Debug|Any CPU
		{37891F4B-71D9-40C2-ADB7-37AB5701B2FA}.Debug|Any CPU.Build.0 = Debug|Any CPU
		{37891F4B-71D9-40C2-ADB7-37AB5701B2FA}.Release|Any CPU.ActiveCfg = Release|Any CPU
		{37891F4B-71D9-40C2-ADB7-37AB5701B2FA}.Release|Any CPU.Build.0 = Release|Any CPU
		{B4ACB503-D195-4789-8926-D6ABD07E9CCD}.Debug|Any CPU.ActiveCfg = Debug|Any CPU
		{B4ACB503-D195-4789-8926-D6ABD07E9CCD}.Debug|Any CPU.Build.0 = Debug|Any CPU
		{B4ACB503-D195-4789-8926-D6ABD07E9CCD}.Release|Any CPU.ActiveCfg = Release|Any CPU
		{B4ACB503-D195-4789-8926-D6ABD07E9CCD}.Release|Any CPU.Build.0 = Release|Any CPU
		{AA646840-F6A9-4904-BC52-45DDDAA2756E}.Debug|Any CPU.ActiveCfg = Debug|Any CPU
		{AA646840-F6A9-4904-BC52-45DDDAA2756E}.Debug|Any CPU.Build.0 = Debug|Any CPU
		{AA646840-F6A9-4904-BC52-45DDDAA2756E}.Release|Any CPU.ActiveCfg = Release|Any CPU
		{AA646840-F6A9-4904-BC52-45DDDAA2756E}.Release|Any CPU.Build.0 = Release|Any CPU
		{8C50F4AE-F494-437F-A9F1-423BFC882F99}.Debug|Any CPU.ActiveCfg = Debug|x64
		{8C50F4AE-F494-437F-A9F1-423BFC882F99}.Debug|Any CPU.Build.0 = Debug|x64
		{8C50F4AE-F494-437F-A9F1-423BFC882F99}.Release|Any CPU.ActiveCfg = Release|x64
		{8C50F4AE-F494-437F-A9F1-423BFC882F99}.Release|Any CPU.Build.0 = Release|x64
		{98715E42-4007-49E6-80C2-8E5BD7FB98C2}.Debug|Any CPU.ActiveCfg = Debug|Any CPU
		{98715E42-4007-49E6-80C2-8E5BD7FB98C2}.Debug|Any CPU.Build.0 = Debug|Any CPU
		{98715E42-4007-49E6-80C2-8E5BD7FB98C2}.Release|Any CPU.ActiveCfg = Release|Any CPU
		{98715E42-4007-49E6-80C2-8E5BD7FB98C2}.Release|Any CPU.Build.0 = Release|Any CPU
		{378E9B01-B3BD-4887-AF40-C22D94281F74}.Debug|Any CPU.ActiveCfg = Debug|Any CPU
		{378E9B01-B3BD-4887-AF40-C22D94281F74}.Debug|Any CPU.Build.0 = Debug|Any CPU
		{378E9B01-B3BD-4887-AF40-C22D94281F74}.Release|Any CPU.ActiveCfg = Release|Any CPU
		{378E9B01-B3BD-4887-AF40-C22D94281F74}.Release|Any CPU.Build.0 = Release|Any CPU
	EndGlobalSection
	GlobalSection(SolutionProperties) = preSolution
		HideSolutionNode = FALSE
	EndGlobalSection
	GlobalSection(NestedProjects) = preSolution
		{8D05AF50-08EE-43CB-8EB1-6C67F0C56FC3} = {32956BD0-6695-47DF-9D51-0CB6603E8467}
		{E7C4CC3F-63E2-4A3D-8F8D-FE994429C63C} = {8D05AF50-08EE-43CB-8EB1-6C67F0C56FC3}
		{B2BC6A86-7972-4C44-9AAC-B5B1E3E9724B} = {32956BD0-6695-47DF-9D51-0CB6603E8467}
		{C0CC94EF-441F-4F41-A362-A0533A3C7D9B} = {32956BD0-6695-47DF-9D51-0CB6603E8467}
		{FA10C927-F54D-4F21-A104-820B89783FD2} = {32956BD0-6695-47DF-9D51-0CB6603E8467}
	EndGlobalSection
	GlobalSection(ExtensibilityGlobals) = postSolution
		SolutionGuid = {E8EFA9AB-A701-421A-9542-C10FF1F9308F}
	EndGlobalSection
EndGlobal
