<Solution>
    <Configurations>
        <Platform Name="ARM64" />
        <Platform Name="x86" />
        <Platform Name="x64" />
    </Configurations>
    <Folder Name="/Common/">
        <File Path="Common/Code for .NET.snk" />
    </Folder>
    <Folder Name="/Dependencies/">
        <File Path="Dependencies/.gitignore" />
        <File Path="Dependencies/Update.cmd" />
        <File Path="Dependencies/Variables.cmd" />
    </Folder>
    <Folder Name="/Dependencies/Documentation/">
        <File Path="Dependencies/Documentation/Code for PowerShell Release Notes.md" />
        <File Path="Dependencies/Documentation/Code for Windows Release Notes.md" />
    </Folder>
    <Folder Name="/Dependencies/PowerShell/" />
    <Folder Name="/Dependencies/PowerShell/CodeForPowerShell.VisualStudio/">
        <File Path="Dependencies/PowerShell/CodeForPowerShell.VisualStudio/CodeForPowerShell.VisualStudio.psd1" />
        <File Path="Dependencies/PowerShell/CodeForPowerShell.VisualStudio/CodeForPowerShell.VisualStudio.Version.psm1" />
    </Folder>
    <Folder Name="/Dependencies/Version/">
        <File Path="Dependencies/Version/CodeForPowerShell.Version.txt" />
        <File Path="Dependencies/Version/CodeForWindows.Version.txt" />
    </Folder>
    <Folder Name="/Dependencies/WIA/">
        <File Path="Dependencies/WIA/Interop.Wia.dll" />
        <File Path="Dependencies/WIA/Interop.Wia.ScanProfiles.dll" />
        <File Path="Dependencies/WIA/MakeInterop.cmd" />
    </Folder>
    <Folder Name="/Documentation/">
        <File Path="Documentation/Release Notes.md" />
    </Folder>
    <Folder Name="/Framework/">
        <Project Path="Framework/CodeForDotNet.Data.Sql/CodeForDotNet.Data.Sql.csproj" />
        <Project Path="Framework/CodeForDotNet.GenericHost/CodeForDotNet.GenericHost.csproj" Id="46b62e29-a88e-4d51-8bf7-32a4b3165b51" />
        <Project Path="Framework/CodeForDotNet.GenericModel/CodeForDotNet.GenericModel.csproj" />
        <Project Path="Framework/CodeForDotNet.Testing/CodeForDotNet.Testing.csproj" Id="6d071dbe-9dc7-47a9-a25c-3a4bc8431fdb" />
        <Project Path="Framework/CodeForDotNet.UI/CodeForDotNet.UI.csproj" />
        <Project Path="Framework/CodeForDotNet.Windows/CodeForDotNet.Windows.csproj" />
        <Project Path="Framework/CodeForDotNet.WindowsUniversal/CodeForDotNet.WindowsUniversal.csproj" />
        <Project Path="Framework/CodeForDotNet/CodeForDotNet.csproj" />
    </Folder>
    <Folder Name="/Solution Items/">
        <File Path=".editorconfig" />
        <File Path=".gitignore" />
        <File Path="Build.cmd" />
        <File Path="Clean.ps1" />
        <File Path="Code for .NET.slnLaunch" />
        <File Path="Directory.Build.props" />
        <File Path="Directory.Build.targets" />
        <File Path="NuGet.config" />
        <File Path="Release.cmd" />
        <File Path="Setup.cmd" />
        <File Path="Setup.ps1" />
        <File Path="Spelling.dic" />
        <File Path="Version.cmd" />
        <File Path="Version.ps1" />
        <File Path="Version.txt" />
    </Folder>
    <Folder Name="/Tests/">
        <File Path="Tests/Directory.Build.props" />
        <File Path="Tests/Local.runsettings" />
        <Project Path="Tests/CodeForDotNet.Tests.Mocks/CodeForDotNet.Tests.Mocks.csproj" Id="323acf0a-65ee-4f6e-83e2-f73234a4bbae" />
        <Project Path="Tests/CodeForDotNet.Tests.WindowsUniversal.App/CodeForDotNet.Tests.WindowsUniversal.App.csproj">
            <Platform Solution="*|ARM64" Project="ARM64" />
            <Platform Solution="*|x64" Project="x64" />
            <Platform Solution="*|x86" Project="x86" />
            <Deploy />
        </Project>
        <Project Path="Tests/CodeForDotNet.Tests/CodeForDotNet.Tests.csproj" />
    </Folder>
</Solution>
